
Microsoft Visual Studio Solution File, Format Version 12.00
# Visual Studio Version 16
VisualStudioVersion = 16.0.30413.136
MinimumVisualStudioVersion = 10.0.40219.1
Project("{FAE04EC0-301F-11D3-BF4B-00C04F79EFBC}") = "Cirnix.JassNative", "Cirnix.JassNative\Cirnix.JassNative.csproj", "{8021427A-41E5-4EED-95A7-D3BDA9D4972D}"
EndProject
Project("{FAE04EC0-301F-11D3-BF4B-00C04F79EFBC}") = "Cirnix.JassNative.Common", "Cirnix.JassNative.Common\Cirnix.JassNative.Common.csproj", "{66C1F74A-4197-4FEE-BE36-5DCA43865FD4}"
EndProject
Project("{FAE04EC0-301F-11D3-BF4B-00C04F79EFBC}") = "Cirnix.JassNative.Runtime", "Cirnix.JassNative.Runtime\Cirnix.JassNative.Runtime.csproj", "{9D3B4267-60FA-4CDE-BECD-0B97A9F4ED7B}"
EndProject
Project("{FAE04EC0-301F-11D3-BF4B-00C04F79EFBC}") = "Cirnix.JassNative.YDWE", "Cirnix.JassNative.YDWE\Cirnix.JassNative.YDWE.csproj", "{35E25ADB-ADC6-41B5-B028-FB0277F0951A}"
EndProject
Global
	GlobalSection(SolutionConfigurationPlatforms) = preSolution
		Debug|Any CPU = Debug|Any CPU
		Debug|x86 = Debug|x86
		Release|Any CPU = Release|Any CPU
		Release|x86 = Release|x86
	EndGlobalSection
	GlobalSection(ProjectConfigurationPlatforms) = postSolution
		{8021427A-41E5-4EED-95A7-D3BDA9D4972D}.Debug|Any CPU.ActiveCfg = Debug|x86
		{8021427A-41E5-4EED-95A7-D3BDA9D4972D}.Debug|Any CPU.Build.0 = Debug|x86
		{8021427A-41E5-4EED-95A7-D3BDA9D4972D}.Debug|x86.ActiveCfg = Debug|x86
		{8021427A-41E5-4EED-95A7-D3BDA9D4972D}.Debug|x86.Build.0 = Debug|x86
		{8021427A-41E5-4EED-95A7-D3BDA9D4972D}.Release|Any CPU.ActiveCfg = Release|x86
		{8021427A-41E5-4EED-95A7-D3BDA9D4972D}.Release|Any CPU.Build.0 = Release|x86
		{8021427A-41E5-4EED-95A7-D3BDA9D4972D}.Release|x86.ActiveCfg = Release|x86
		{8021427A-41E5-4EED-95A7-D3BDA9D4972D}.Release|x86.Build.0 = Release|x86
		{66C1F74A-4197-4FEE-BE36-5DCA43865FD4}.Debug|Any CPU.ActiveCfg = Debug|x86
		{66C1F74A-4197-4FEE-BE36-5DCA43865FD4}.Debug|Any CPU.Build.0 = Debug|x86
		{66C1F74A-4197-4FEE-BE36-5DCA43865FD4}.Debug|x86.ActiveCfg = Debug|x86
		{66C1F74A-4197-4FEE-BE36-5DCA43865FD4}.Debug|x86.Build.0 = Debug|x86
		{66C1F74A-4197-4FEE-BE36-5DCA43865FD4}.Release|Any CPU.ActiveCfg = Release|x86
		{66C1F74A-4197-4FEE-BE36-5DCA43865FD4}.Release|Any CPU.Build.0 = Release|x86
		{66C1F74A-4197-4FEE-BE36-5DCA43865FD4}.Release|x86.ActiveCfg = Release|x86
		{66C1F74A-4197-4FEE-BE36-5DCA43865FD4}.Release|x86.Build.0 = Release|x86
		{9D3B4267-60FA-4CDE-BECD-0B97A9F4ED7B}.Debug|Any CPU.ActiveCfg = Debug|x86
		{9D3B4267-60FA-4CDE-BECD-0B97A9F4ED7B}.Debug|Any CPU.Build.0 = Debug|x86
		{9D3B4267-60FA-4CDE-BECD-0B97A9F4ED7B}.Debug|x86.ActiveCfg = Debug|x86
		{9D3B4267-60FA-4CDE-BECD-0B97A9F4ED7B}.Debug|x86.Build.0 = Debug|x86
		{9D3B4267-60FA-4CDE-BECD-0B97A9F4ED7B}.Release|Any CPU.ActiveCfg = Release|x86
		{9D3B4267-60FA-4CDE-BECD-0B97A9F4ED7B}.Release|Any CPU.Build.0 = Release|x86
		{9D3B4267-60FA-4CDE-BECD-0B97A9F4ED7B}.Release|x86.ActiveCfg = Release|x86
		{9D3B4267-60FA-4CDE-BECD-0B97A9F4ED7B}.Release|x86.Build.0 = Release|x86
		{35E25ADB-ADC6-41B5-B028-FB0277F0951A}.Debug|Any CPU.ActiveCfg = Debug|x86
		{35E25ADB-ADC6-41B5-B028-FB0277F0951A}.Debug|Any CPU.Build.0 = Debug|x86
		{35E25ADB-ADC6-41B5-B028-FB0277F0951A}.Debug|x86.ActiveCfg = Debug|x86
		{35E25ADB-ADC6-41B5-B028-FB0277F0951A}.Debug|x86.Build.0 = Debug|x86
		{35E25ADB-ADC6-41B5-B028-FB0277F0951A}.Release|Any CPU.ActiveCfg = Release|x86
		{35E25ADB-ADC6-41B5-B028-FB0277F0951A}.Release|Any CPU.Build.0 = Release|x86
		{35E25ADB-ADC6-41B5-B028-FB0277F0951A}.Release|x86.ActiveCfg = Release|x86
		{35E25ADB-ADC6-41B5-B028-FB0277F0951A}.Release|x86.Build.0 = Release|x86
	EndGlobalSection
	GlobalSection(SolutionProperties) = preSolution
		HideSolutionNode = FALSE
	EndGlobalSection
	GlobalSection(ExtensibilityGlobals) = postSolution
		SolutionGuid = {BC2B2D67-C034-4108-8D01-E34CD67B22E5}
	EndGlobalSection
EndGlobal
